
Microsoft Visual Studio Solution File, Format Version 10.00
# Visual Studio 2008
Project("{D2ABAB84-BF74-430A-B69E-9DC6D40DDA17}") = "PowerPivot Dates", "PowerPivot Dates\PowerPivot Dates.dwproj", "{B18A76C7-4F9C-4B26-B634-AB6F697A867F}"
EndProject
Global
	GlobalSection(SolutionConfigurationPlatforms) = preSolution
		Development|Default = Development|Default
	EndGlobalSection
	GlobalSection(ProjectConfigurationPlatforms) = postSolution
		{B18A76C7-4F9C-4B26-B634-AB6F697A867F}.Development|Default.ActiveCfg = Development
		{B18A76C7-4F9C-4B26-B634-AB6F697A867F}.Development|Default.Build.0 = Development
		{B18A76C7-4F9C-4B26-B634-AB6F697A867F}.Development|Default.Deploy.0 = Development
	EndGlobalSection
	GlobalSection(SolutionProperties) = preSolution
		HideSolutionNode = FALSE
	EndGlobalSection
EndGlobal
